
Microsoft Visual Studio Solution File, Format Version 12.00
# Visual Studio Version 16
VisualStudioVersion = 16.0.30503.244
MinimumVisualStudioVersion = 10.0.40219.1
Project("{FAE04EC0-301F-11D3-BF4B-00C04F79EFBC}") = "ActiveRecord", "ActiveRecord\ActiveRecord.csproj", "{82144414-B9B9-430A-AC6C-EB5A7409BDC2}"
EndProject
Project("{FAE04EC0-301F-11D3-BF4B-00C04F79EFBC}") = "ActiveRecordLibrary", "ActiveRecordLibrary\ActiveRecordLibrary.csproj", "{3B5477C5-6D01-4946-AF3A-630F5735FA10}"
EndProject
Global
	GlobalSection(SolutionConfigurationPlatforms) = preSolution
		Debug|Any CPU = Debug|Any CPU
		Release|Any CPU = Release|Any CPU
	EndGlobalSection
	GlobalSection(ProjectConfigurationPlatforms) = postSolution
		{82144414-B9B9-430A-AC6C-EB5A7409BDC2}.Debug|Any CPU.ActiveCfg = Debug|Any CPU
		{82144414-B9B9-430A-AC6C-EB5A7409BDC2}.Debug|Any CPU.Build.0 = Debug|Any CPU
		{82144414-B9B9-430A-AC6C-EB5A7409BDC2}.Release|Any CPU.ActiveCfg = Release|Any CPU
		{82144414-B9B9-430A-AC6C-EB5A7409BDC2}.Release|Any CPU.Build.0 = Release|Any CPU
		{3B5477C5-6D01-4946-AF3A-630F5735FA10}.Debug|Any CPU.ActiveCfg = Debug|Any CPU
		{3B5477C5-6D01-4946-AF3A-630F5735FA10}.Debug|Any CPU.Build.0 = Debug|Any CPU
		{3B5477C5-6D01-4946-AF3A-630F5735FA10}.Release|Any CPU.ActiveCfg = Release|Any CPU
		{3B5477C5-6D01-4946-AF3A-630F5735FA10}.Release|Any CPU.Build.0 = Release|Any CPU
	EndGlobalSection
	GlobalSection(SolutionProperties) = preSolution
		HideSolutionNode = FALSE
	EndGlobalSection
	GlobalSection(ExtensibilityGlobals) = postSolution
		SolutionGuid = {E8C8B550-47BF-4C91-91BD-C8086A988851}
	EndGlobalSection
EndGlobal
